
Microsoft Visual Studio Solution File, Format Version 12.00
# Visual Studio Version 17
VisualStudioVersion = 17.10.35122.118
MinimumVisualStudioVersion = 10.0.40219.1
Project("{8BC9CEB8-8B4A-11D0-8D11-00A0C91BC942}") = "ALgorithms", "ALgorithms.vcxproj", "{B3F3859E-2700-4BB6-806A-68FB209E330B}"
EndProject
Global
	GlobalSection(SolutionConfigurationPlatforms) = preSolution
		Debug|x64 = Debug|x64
		Debug|x86 = Debug|x86
		Release|x64 = Release|x64
		Release|x86 = Release|x86
	EndGlobalSection
	GlobalSection(ProjectConfigurationPlatforms) = postSolution
		{B3F3859E-2700-4BB6-806A-68FB209E330B}.Debug|x64.ActiveCfg = Debug|x64
		{B3F3859E-2700-4BB6-806A-68FB209E330B}.Debug|x64.Build.0 = Debug|x64
		{B3F3859E-2700-4BB6-806A-68FB209E330B}.Debug|x86.ActiveCfg = Debug|Win32
		{B3F3859E-2700-4BB6-806A-68FB209E330B}.Debug|x86.Build.0 = Debug|Win32
		{B3F3859E-2700-4BB6-806A-68FB209E330B}.Release|x64.ActiveCfg = Release|x64
		{B3F3859E-2700-4BB6-806A-68FB209E330B}.Release|x64.Build.0 = Release|x64
		{B3F3859E-2700-4BB6-806A-68FB209E330B}.Release|x86.ActiveCfg = Release|Win32
		{B3F3859E-2700-4BB6-806A-68FB209E330B}.Release|x86.Build.0 = Release|Win32
	EndGlobalSection
	GlobalSection(SolutionProperties) = preSolution
		HideSolutionNode = FALSE
	EndGlobalSection
	GlobalSection(ExtensibilityGlobals) = postSolution
		SolutionGuid = {A3E39736-354F-4A58-B8BB-4EE70525F52F}
	EndGlobalSection
EndGlobal
